
Microsoft Visual Studio Solution File, Format Version 12.00
# Visual Studio Version 16
VisualStudioVersion = 16.0.29806.167
MinimumVisualStudioVersion = 10.0.40219.1
Project("{8BC9CEB8-8B4A-11D0-8D11-00A0C91BC942}") = "lab3SRV", "lab3SRV\lab3SRV.vcxproj", "{3CFD32DE-5FBD-43FD-8BFF-86F39E4A415F}"
EndProject
Project("{8BC9CEB8-8B4A-11D0-8D11-00A0C91BC942}") = "SRVlabMul", "SRVlabMul\SRVlabMul.vcxproj", "{7D370BC9-13B8-4101-8549-9667F408265E}"
EndProject
Global
	GlobalSection(SolutionConfigurationPlatforms) = preSolution
		Debug|x64 = Debug|x64
		Debug|x86 = Debug|x86
		Release|x64 = Release|x64
		Release|x86 = Release|x86
	EndGlobalSection
	GlobalSection(ProjectConfigurationPlatforms) = postSolution
		{3CFD32DE-5FBD-43FD-8BFF-86F39E4A415F}.Debug|x64.ActiveCfg = Debug|x64
		{3CFD32DE-5FBD-43FD-8BFF-86F39E4A415F}.Debug|x64.Build.0 = Debug|x64
		{3CFD32DE-5FBD-43FD-8BFF-86F39E4A415F}.Debug|x86.ActiveCfg = Debug|Win32
		{3CFD32DE-5FBD-43FD-8BFF-86F39E4A415F}.Debug|x86.Build.0 = Debug|Win32
		{3CFD32DE-5FBD-43FD-8BFF-86F39E4A415F}.Release|x64.ActiveCfg = Release|x64
		{3CFD32DE-5FBD-43FD-8BFF-86F39E4A415F}.Release|x64.Build.0 = Release|x64
		{3CFD32DE-5FBD-43FD-8BFF-86F39E4A415F}.Release|x86.ActiveCfg = Release|Win32
		{3CFD32DE-5FBD-43FD-8BFF-86F39E4A415F}.Release|x86.Build.0 = Release|Win32
		{7D370BC9-13B8-4101-8549-9667F408265E}.Debug|x64.ActiveCfg = Debug|x64
		{7D370BC9-13B8-4101-8549-9667F408265E}.Debug|x64.Build.0 = Debug|x64
		{7D370BC9-13B8-4101-8549-9667F408265E}.Debug|x86.ActiveCfg = Debug|Win32
		{7D370BC9-13B8-4101-8549-9667F408265E}.Debug|x86.Build.0 = Debug|Win32
		{7D370BC9-13B8-4101-8549-9667F408265E}.Release|x64.ActiveCfg = Release|x64
		{7D370BC9-13B8-4101-8549-9667F408265E}.Release|x64.Build.0 = Release|x64
		{7D370BC9-13B8-4101-8549-9667F408265E}.Release|x86.ActiveCfg = Release|Win32
		{7D370BC9-13B8-4101-8549-9667F408265E}.Release|x86.Build.0 = Release|Win32
	EndGlobalSection
	GlobalSection(SolutionProperties) = preSolution
		HideSolutionNode = FALSE
	EndGlobalSection
	GlobalSection(ExtensibilityGlobals) = postSolution
		SolutionGuid = {866D1C44-6525-4C8A-B2A0-316DD64F0921}
	EndGlobalSection
EndGlobal
